{
  "requires": true,
  "lockfileVersion": 1,
  "dependencies": {
    "eslint": {
      "version": "file:../eslint",
      "requires": {
        "@babel/code-frame": "^7.0.0",
        "ajv": "^6.10.0",
        "chalk": "^3.0.0",
        "cross-spawn": "^7.0.1",
        "debug": "^4.0.1",
        "doctrine": "^3.0.0",
        "eslint-scope": "^5.0.0",
        "eslint-utils": "^2.0.0",
        "eslint-visitor-keys": "^1.1.0",
        "espree": "^6.2.1",
        "esquery": "^1.2.0",
        "esutils": "^2.0.2",
        "file-entry-cache": "^5.0.1",
        "functional-red-black-tree": "^1.0.1",
        "glob-parent": "^5.0.0",
        "globals": "^12.1.0",
        "ignore": "^4.0.6",
        "import-fresh": "^3.0.0",
        "imurmurhash": "^0.1.4",
        "inquirer": "^7.0.0",
        "is-glob": "^4.0.0",
        "js-yaml": "^3.13.1",
        "json-stable-stringify-without-jsonify": "^1.0.1",
        "levn": "^0.4.1",
        "lodash": "^4.17.14",
        "minimatch": "^3.0.4",
        "natural-compare": "^1.4.0",
        "optionator": "^0.9.1",
        "progress": "^2.0.0",
        "regexpp": "^3.0.0",
        "semver": "^7.1.1",
        "strip-ansi": "^6.0.0",
        "strip-json-comments": "^3.0.1",
        "table": "^5.2.3",
        "text-table": "^0.2.0",
        "v8-compile-cache": "^2.0.3"
      }
    }
  }
}
